
Microsoft Visual Studio Solution File, Format Version 12.00
# Visual Studio Version 17
VisualStudioVersion = 17.14.37111.16
MinimumVisualStudioVersion = 10.0.40219.1
Project("{FAE04EC0-301F-11D3-BF4B-00C04F79EFBC}") = "Inventario", "Inventario.csproj", "{1087ED07-CF11-4071-8613-BFAA7CB4E195}"
EndProject
Project("{2150E333-8FDC-42A3-9474-1A3956D46DE8}") = "Elementos de la solución", "Elementos de la solución", "{D107F4C8-89CC-BEA8-D3D7-CA6B7733353D}"
	ProjectSection(SolutionItems) = preProject
		CategoriaProducto.cs = CategoriaProducto.cs
		EstadoProducto.cs = EstadoProducto.cs
		Producto.cs = Producto.cs
		README.md = README.md
	EndProjectSection
EndProject
Project("{2150E333-8FDC-42A3-9474-1A3956D46DE8}") = "Repositories", "Repositories", "{02EA681E-C7D8-13C7-8484-4AC65E1B71E8}"
	ProjectSection(SolutionItems) = preProject
		InMemoryProductoRepositories.cs = InMemoryProductoRepositories.cs
		IProductoRepository.cs = IProductoRepository.cs
	EndProjectSection
EndProject
Project("{2150E333-8FDC-42A3-9474-1A3956D46DE8}") = "Infrastructure", "Infrastructure", "{B55A9734-CC3B-458D-9A65-D10A2D642955}"
	ProjectSection(SolutionItems) = preProject
		Filemanager.cs = Filemanager.cs
		JsonInventarioStorage.cs = JsonInventarioStorage.cs
	EndProjectSection
EndProject
Global
	GlobalSection(SolutionConfigurationPlatforms) = preSolution
		Debug|Any CPU = Debug|Any CPU
		Release|Any CPU = Release|Any CPU
	EndGlobalSection
	GlobalSection(ProjectConfigurationPlatforms) = postSolution
		{1087ED07-CF11-4071-8613-BFAA7CB4E195}.Debug|Any CPU.ActiveCfg = Debug|Any CPU
		{1087ED07-CF11-4071-8613-BFAA7CB4E195}.Debug|Any CPU.Build.0 = Debug|Any CPU
		{1087ED07-CF11-4071-8613-BFAA7CB4E195}.Release|Any CPU.ActiveCfg = Release|Any CPU
		{1087ED07-CF11-4071-8613-BFAA7CB4E195}.Release|Any CPU.Build.0 = Release|Any CPU
	EndGlobalSection
	GlobalSection(SolutionProperties) = preSolution
		HideSolutionNode = FALSE
	EndGlobalSection
	GlobalSection(NestedProjects) = preSolution
		{B55A9734-CC3B-458D-9A65-D10A2D642955} = {D107F4C8-89CC-BEA8-D3D7-CA6B7733353D}
	EndGlobalSection
	GlobalSection(ExtensibilityGlobals) = postSolution
		SolutionGuid = {8A8EA71F-7F6C-45DA-81DB-471BC776D05B}
	EndGlobalSection
EndGlobal
